
Microsoft Visual Studio Solution File, Format Version 12.00
# Visual Studio 14
VisualStudioVersion = 14.0.23107.0
MinimumVisualStudioVersion = 10.0.40219.1
Project("{2150E333-8FDC-42A3-9474-1A3956D46DE8}") = "src", "src", "{13E295FA-A404-43E6-9587-ADF2EBF50CFC}"
EndProject
Project("{2150E333-8FDC-42A3-9474-1A3956D46DE8}") = "Solution Items", "Solution Items", "{8002B70A-ED84-44C5-9F78-EFC54023FFD8}"
	ProjectSection(SolutionItems) = preProject
		global.json = global.json
	EndProjectSection
EndProject
Project("{8BB2217D-0F2D-49D1-97BC-3654ED321F3B}") = "TheWebApp", "src\TheWebApp\TheWebApp.xproj", "{C629133A-1F28-4012-A088-3E6CB76F329B}"
EndProject
Global
	GlobalSection(SolutionConfigurationPlatforms) = preSolution
		Debug|Any CPU = Debug|Any CPU
		Release|Any CPU = Release|Any CPU
	EndGlobalSection
	GlobalSection(ProjectConfigurationPlatforms) = postSolution
		{C629133A-1F28-4012-A088-3E6CB76F329B}.Debug|Any CPU.ActiveCfg = Debug|Any CPU
		{C629133A-1F28-4012-A088-3E6CB76F329B}.Debug|Any CPU.Build.0 = Debug|Any CPU
		{C629133A-1F28-4012-A088-3E6CB76F329B}.Release|Any CPU.ActiveCfg = Release|Any CPU
		{C629133A-1F28-4012-A088-3E6CB76F329B}.Release|Any CPU.Build.0 = Release|Any CPU
	EndGlobalSection
	GlobalSection(SolutionProperties) = preSolution
		HideSolutionNode = FALSE
	EndGlobalSection
	GlobalSection(NestedProjects) = preSolution
		{C629133A-1F28-4012-A088-3E6CB76F329B} = {13E295FA-A404-43E6-9587-ADF2EBF50CFC}
	EndGlobalSection
EndGlobal
